
Microsoft Visual Studio Solution File, Format Version 12.00
# Visual Studio Version 16
VisualStudioVersion = 16.0.29613.14
MinimumVisualStudioVersion = 10.0.40219.1
Project("{9A19103F-16F7-4668-BE54-9A1E7A4F7556}") = "BlazorServer", "BlazorServer\BlazorServer.csproj", "{81A4708C-5BBE-4CB9-91A3-20E2F5A2C886}"
EndProject
Project("{888888A0-9F3D-457C-B088-3A5042F75D52}") = "PythonFlaskAPIForBlazorCln", "PythonFlaskAPIForBlazorCln\PythonFlaskAPIForBlazorCln.pyproj", "{36FE50AB-FE9C-4265-897D-EDBD3C83990D}"
EndProject
Project("{9A19103F-16F7-4668-BE54-9A1E7A4F7556}") = "EmployeeManagement.Models", "EmployeeManagement.Models\EmployeeManagement.Models.csproj", "{FCF68F88-47CA-44E2-BCCE-A85977E5C4A5}"
EndProject
Global
	GlobalSection(SolutionConfigurationPlatforms) = preSolution
		Debug|Any CPU = Debug|Any CPU
		Release|Any CPU = Release|Any CPU
	EndGlobalSection
	GlobalSection(ProjectConfigurationPlatforms) = postSolution
		{81A4708C-5BBE-4CB9-91A3-20E2F5A2C886}.Debug|Any CPU.ActiveCfg = Debug|Any CPU
		{81A4708C-5BBE-4CB9-91A3-20E2F5A2C886}.Debug|Any CPU.Build.0 = Debug|Any CPU
		{81A4708C-5BBE-4CB9-91A3-20E2F5A2C886}.Release|Any CPU.ActiveCfg = Release|Any CPU
		{81A4708C-5BBE-4CB9-91A3-20E2F5A2C886}.Release|Any CPU.Build.0 = Release|Any CPU
		{36FE50AB-FE9C-4265-897D-EDBD3C83990D}.Debug|Any CPU.ActiveCfg = Debug|Any CPU
		{36FE50AB-FE9C-4265-897D-EDBD3C83990D}.Debug|Any CPU.Build.0 = Debug|Any CPU
		{36FE50AB-FE9C-4265-897D-EDBD3C83990D}.Release|Any CPU.ActiveCfg = Release|Any CPU
		{36FE50AB-FE9C-4265-897D-EDBD3C83990D}.Release|Any CPU.Build.0 = Release|Any CPU
		{FCF68F88-47CA-44E2-BCCE-A85977E5C4A5}.Debug|Any CPU.ActiveCfg = Debug|Any CPU
		{FCF68F88-47CA-44E2-BCCE-A85977E5C4A5}.Debug|Any CPU.Build.0 = Debug|Any CPU
		{FCF68F88-47CA-44E2-BCCE-A85977E5C4A5}.Release|Any CPU.ActiveCfg = Release|Any CPU
		{FCF68F88-47CA-44E2-BCCE-A85977E5C4A5}.Release|Any CPU.Build.0 = Release|Any CPU
	EndGlobalSection
	GlobalSection(SolutionProperties) = preSolution
		HideSolutionNode = FALSE
	EndGlobalSection
	GlobalSection(ExtensibilityGlobals) = postSolution
		SolutionGuid = {FF0F58C1-3C17-46E9-9867-E62B3E858777}
	EndGlobalSection
EndGlobal
